
Microsoft Visual Studio Solution File, Format Version 11.00
# Visual Studio 2010
Project("{FAE04EC0-301F-11D3-BF4B-00C04F79EFBC}") = "Monitis", "Monitis\Monitis.csproj", "{7020E8DD-3DC5-4293-B264-B63BC10E3CFB}"
EndProject
Project("{FAE04EC0-301F-11D3-BF4B-00C04F79EFBC}") = "MonitisTestApp", "MonitisTestApp\MonitisTestApp.csproj", "{CAA2D5E5-1329-41B2-A41D-BAE9900AB57D}"
EndProject
Global
	GlobalSection(SolutionConfigurationPlatforms) = preSolution
		Debug|Any CPU = Debug|Any CPU
		Debug|Mixed Platforms = Debug|Mixed Platforms
		Debug|x86 = Debug|x86
		Release|Any CPU = Release|Any CPU
		Release|Mixed Platforms = Release|Mixed Platforms
		Release|x86 = Release|x86
	EndGlobalSection
	GlobalSection(ProjectConfigurationPlatforms) = postSolution
		{7020E8DD-3DC5-4293-B264-B63BC10E3CFB}.Debug|Any CPU.ActiveCfg = Debug|Any CPU
		{7020E8DD-3DC5-4293-B264-B63BC10E3CFB}.Debug|Any CPU.Build.0 = Debug|Any CPU
		{7020E8DD-3DC5-4293-B264-B63BC10E3CFB}.Debug|Mixed Platforms.ActiveCfg = Debug|Any CPU
		{7020E8DD-3DC5-4293-B264-B63BC10E3CFB}.Debug|Mixed Platforms.Build.0 = Debug|Any CPU
		{7020E8DD-3DC5-4293-B264-B63BC10E3CFB}.Debug|x86.ActiveCfg = Debug|Any CPU
		{7020E8DD-3DC5-4293-B264-B63BC10E3CFB}.Release|Any CPU.ActiveCfg = Release|Any CPU
		{7020E8DD-3DC5-4293-B264-B63BC10E3CFB}.Release|Any CPU.Build.0 = Release|Any CPU
		{7020E8DD-3DC5-4293-B264-B63BC10E3CFB}.Release|Mixed Platforms.ActiveCfg = Release|Any CPU
		{7020E8DD-3DC5-4293-B264-B63BC10E3CFB}.Release|Mixed Platforms.Build.0 = Release|Any CPU
		{7020E8DD-3DC5-4293-B264-B63BC10E3CFB}.Release|x86.ActiveCfg = Release|Any CPU
		{CAA2D5E5-1329-41B2-A41D-BAE9900AB57D}.Debug|Any CPU.ActiveCfg = Debug|x86
		{CAA2D5E5-1329-41B2-A41D-BAE9900AB57D}.Debug|Mixed Platforms.ActiveCfg = Debug|x86
		{CAA2D5E5-1329-41B2-A41D-BAE9900AB57D}.Debug|Mixed Platforms.Build.0 = Debug|x86
		{CAA2D5E5-1329-41B2-A41D-BAE9900AB57D}.Debug|x86.ActiveCfg = Debug|x86
		{CAA2D5E5-1329-41B2-A41D-BAE9900AB57D}.Debug|x86.Build.0 = Debug|x86
		{CAA2D5E5-1329-41B2-A41D-BAE9900AB57D}.Release|Any CPU.ActiveCfg = Release|x86
		{CAA2D5E5-1329-41B2-A41D-BAE9900AB57D}.Release|Mixed Platforms.ActiveCfg = Release|x86
		{CAA2D5E5-1329-41B2-A41D-BAE9900AB57D}.Release|Mixed Platforms.Build.0 = Release|x86
		{CAA2D5E5-1329-41B2-A41D-BAE9900AB57D}.Release|x86.ActiveCfg = Release|x86
		{CAA2D5E5-1329-41B2-A41D-BAE9900AB57D}.Release|x86.Build.0 = Release|x86
	EndGlobalSection
	GlobalSection(SolutionProperties) = preSolution
		HideSolutionNode = FALSE
	EndGlobalSection
EndGlobal
